
Microsoft Visual Studio Solution File, Format Version 12.00
# Visual Studio Version 17
VisualStudioVersion = 17.3.32819.101
MinimumVisualStudioVersion = 10.0.40219.1
Project("{FAE04EC0-301F-11D3-BF4B-00C04F79EFBC}") = "testapi", "testapi\testapi.csproj", "{37686688-E62F-4C60-8129-05C8E9C04961}"
EndProject
Global
	GlobalSection(SolutionConfigurationPlatforms) = preSolution
		Debug|Any CPU = Debug|Any CPU
		Release|Any CPU = Release|Any CPU
	EndGlobalSection
	GlobalSection(ProjectConfigurationPlatforms) = postSolution
		{37686688-E62F-4C60-8129-05C8E9C04961}.Debug|Any CPU.ActiveCfg = Debug|Any CPU
		{37686688-E62F-4C60-8129-05C8E9C04961}.Debug|Any CPU.Build.0 = Debug|Any CPU
		{37686688-E62F-4C60-8129-05C8E9C04961}.Release|Any CPU.ActiveCfg = Release|Any CPU
		{37686688-E62F-4C60-8129-05C8E9C04961}.Release|Any CPU.Build.0 = Release|Any CPU
	EndGlobalSection
	GlobalSection(SolutionProperties) = preSolution
		HideSolutionNode = FALSE
	EndGlobalSection
	GlobalSection(ExtensibilityGlobals) = postSolution
		SolutionGuid = {3035B968-8522-4CDB-9A03-308AE8958276}
	EndGlobalSection
EndGlobal
